# This file is autogenerated, do not edit; changes may be undone by the next 'dep ensure'.


[[projects]]
  digest = "1:6989062eb7ccf25cf38bf4fe3dba097ee209f896cda42cefdca3927047bef7b6"
  name = "github.com/Sirupsen/logrus"
  packages = ["."]
  pruneopts = "NUT"
  revision = "c155da19408a8799da419ed3eeb0cb5db0ad5dbc"
  version = "v1.0.5"

[[projects]]
  digest = "1:a2c1d0e43bd3baaa071d1b9ed72c27d78169b2b269f71c105ac4ba34b1be4a39"
  name = "github.com/davecgh/go-spew"
  packages = ["spew"]
  pruneopts = "NUT"
  revision = "346938d642f2ec3594ed81d874461961cd0faa76"
  version = "v1.1.0"

[[projects]]
  digest = "1:e91e96d634b7d840e7a344e13378f16661796b58e8e7414e707e7fc48f4d3710"
  name = "github.com/go-kit/kit"
  packages = [
    "endpoint",
    "log",
    "transport/grpc",
    "transport/http",
  ]
  pruneopts = "NUT"
  revision = "ca4112baa34cb55091301bdc13b1420a122b1b9e"
  version = "v0.7.0"

[[projects]]
  digest = "1:341a7df38da99fe91ed40e4008c13cc5d02dcc98ed1a094360cb7d5df26d6d26"
  name = "github.com/go-logfmt/logfmt"
  packages = ["."]
  pruneopts = "NUT"
  revision = "390ab7935ee28ec6b286364bba9b4dd6410cb3d5"
  version = "v0.3.0"

[[projects]]
  digest = "1:a1efdbc2762667c8a41cbf02b19a0549c846bf2c1d08cad4f445e3344089f1f0"
  name = "github.com/go-stack/stack"
  packages = ["."]
  pruneopts = "NUT"
  revision = "259ab82a6cad3992b4e21ff5cac294ccb06474bc"
  version = "v1.7.0"

[[projects]]
  digest = "1:edaff7919dbbb1480a246dd9635600c2276c1d8124e4a0556c6a03aade02fe26"
  name = "github.com/gogo/protobuf"
  packages = [
    "gogoproto",
    "proto",
    "protoc-gen-gogo/descriptor",
    "protoc-gen-gogo/generator",
    "protoc-gen-gogo/generator/internal/remap",
    "protoc-gen-gogo/plugin",
  ]
  pruneopts = "NUT"
  revision = "4cbf7e384e768b4e01799441fdf2a706a5635ae7"
  version = "v1.2.0"

[[projects]]
  digest = "1:03e14cff610a8a58b774e36bd337fa979482be86aab01be81fb8bbd6d0f07fc8"
  name = "github.com/golang/protobuf"
  packages = [
    "proto",
    "ptypes",
    "ptypes/any",
    "ptypes/duration",
    "ptypes/timestamp",
  ]
  pruneopts = "NUT"
  revision = "b4deda0973fb4c70b50d226b1af49f3da59f5265"
  version = "v1.1.0"

[[projects]]
  digest = "1:c01767916c59f084bb7c41a7d5877c0f3099b1595cfa066e84ec6ad6b084dd89"
  name = "github.com/gorilla/context"
  packages = ["."]
  pruneopts = "NUT"
  revision = "08b5f424b9271eedf6f9f0ce86cb9396ed337a42"
  version = "v1.1.1"

[[projects]]
  digest = "1:bf5cf1d53d703332e9bd8984c69784645b73a938317bf5ace9aadf20ac49379a"
  name = "github.com/gorilla/mux"
  packages = ["."]
  pruneopts = "NUT"
  revision = "e3702bed27f0d39777b0b37b664b6280e8ef8fbf"
  version = "v1.6.2"

[[projects]]
  branch = "master"
  digest = "1:f91bb67d051a94cf6ab2cf07eee0550432afc31655838d42cdec258db4b348f0"
  name = "github.com/kr/logfmt"
  packages = ["."]
  pruneopts = "NUT"
  revision = "b84e30acd515aadc4b783ad4ff83aff3299bdfe0"

[[projects]]
  digest = "1:5cf3f025cbee5951a4ee961de067c8a89fc95a5adabead774f82822efabab121"
  name = "github.com/pkg/errors"
  packages = ["."]
  pruneopts = "NUT"
  revision = "645ef00459ed84a119197bfb8d8205042c6df63d"
  version = "v0.8.0"

[[projects]]
  digest = "1:0028cb19b2e4c3112225cd871870f2d9cf49b9b4276531f03438a88e94be86fe"
  name = "github.com/pmezard/go-difflib"
  packages = ["difflib"]
  pruneopts = "NUT"
  revision = "792786c7400a136282c1664665ae0a8db921c6c2"
  version = "v1.0.0"

[[projects]]
  digest = "1:15e5c398fbd9d2c439b635a08ac161b13d04f0c2aa587fe256b65dc0c3efe8b7"
  name = "github.com/spf13/pflag"
  packages = ["."]
  pruneopts = "NUT"
  revision = "583c0c0531f06d5278b7d917446061adc344b5cd"
  version = "v1.0.1"

[[projects]]
  branch = "master"
  digest = "1:3f3a05ae0b95893d90b9b3b5afdb79a9b3d96e4e36e099d841ae602e4aca0da8"
  name = "golang.org/x/crypto"
  packages = ["ssh/terminal"]
  pruneopts = "NUT"
  revision = "a3beeb748656e13e54256fd2cde19e058f41f60f"

[[projects]]
  branch = "master"
  digest = "1:d0f20c081d47c012952ec7c153e3f3c751aaaf16608fcc5de77dab7ce67470b5"
  name = "golang.org/x/net"
  packages = [
    "context",
    "http/httpguts",
    "http2",
    "http2/hpack",
    "idna",
    "internal/timeseries",
    "trace",
  ]
  pruneopts = "NUT"
  revision = "dfa909b99c79129e1100513e5cd36307665e5723"

[[projects]]
  branch = "master"
  digest = "1:0dbe2a3199cde81dd841ea2de1386165f953d227ddb2b5c2c4b591209bf37746"
  name = "golang.org/x/sys"
  packages = [
    "unix",
    "windows",
  ]
  pruneopts = "NUT"
  revision = "c11f84a56e43e20a78cee75a7c034031ecf57d1f"

[[projects]]
  digest = "1:e7071ed636b5422cc51c0e3a6cebc229d6c9fffc528814b519a980641422d619"
  name = "golang.org/x/text"
  packages = [
    "collate",
    "collate/build",
    "internal/colltab",
    "internal/gen",
    "internal/tag",
    "internal/triegen",
    "internal/ucd",
    "language",
    "secure/bidirule",
    "transform",
    "unicode/bidi",
    "unicode/cldr",
    "unicode/norm",
    "unicode/rangetable",
  ]
  pruneopts = "NUT"
  revision = "f21a4dfb5e38f5895301dc265a8def02365cc3d0"
  version = "v0.3.0"

[[projects]]
  branch = "master"
  digest = "1:664494e53f8380b67a86a39bf15ef53922f74c48eb43b318fb69a647f0697e24"
  name = "golang.org/x/tools"
  packages = [
    "go/ast/astutil",
    "go/gcexportdata",
    "go/internal/cgo",
    "go/internal/gcimporter",
    "go/internal/packagesdriver",
    "go/packages",
    "go/types/typeutil",
    "internal/fastwalk",
    "internal/gopathwalk",
    "internal/semver",
  ]
  pruneopts = "NUT"
  revision = "2e4132e53b93d8d81f7a076566396511238b89b0"

[[projects]]
  branch = "master"
  digest = "1:3c24554c312721e98fa6b76403e7100cf974eb46b1255ea7fc6471db9a9ce498"
  name = "google.golang.org/genproto"
  packages = ["googleapis/rpc/status"]
  pruneopts = "NUT"
  revision = "694d95ba50e67b2e363f3483057db5d4910c18f9"

[[projects]]
  digest = "1:a840929a3a2d91282dc853cbd5f586069c14ae373247fb7d4cb4fa02b285326e"
  name = "google.golang.org/grpc"
  packages = [
    ".",
    "balancer",
    "balancer/base",
    "balancer/roundrobin",
    "channelz",
    "codes",
    "connectivity",
    "credentials",
    "encoding",
    "encoding/proto",
    "grpclb/grpc_lb_v1/messages",
    "grpclog",
    "internal",
    "keepalive",
    "metadata",
    "naming",
    "peer",
    "resolver",
    "resolver/dns",
    "resolver/passthrough",
    "stats",
    "status",
    "tap",
    "transport",
  ]
  pruneopts = "NUT"
  revision = "41344da2231b913fa3d983840a57a6b1b7b631a1"
  version = "v1.12.0"

[solve-meta]
  analyzer-name = "dep"
  analyzer-version = 1
  input-imports = [
    "github.com/Sirupsen/logrus",
    "github.com/davecgh/go-spew/spew",
    "github.com/go-kit/kit/transport/grpc",
    "github.com/go-kit/kit/transport/http",
    "github.com/gogo/protobuf/proto",
    "github.com/gogo/protobuf/protoc-gen-gogo/descriptor",
    "github.com/gogo/protobuf/protoc-gen-gogo/generator",
    "github.com/gogo/protobuf/protoc-gen-gogo/plugin",
    "github.com/gorilla/mux",
    "github.com/pkg/errors",
    "github.com/pmezard/go-difflib/difflib",
    "github.com/spf13/pflag",
    "golang.org/x/tools/go/packages",
  ]
  solver-name = "gps-cdcl"
  solver-version = 1
